
Microsoft Visual Studio Solution File, Format Version 12.00
# Visual Studio Version 16
VisualStudioVersion = 16.0.30503.244
MinimumVisualStudioVersion = 10.0.40219.1
Project("{9A19103F-16F7-4668-BE54-9A1E7A4F7556}") = "Lesson1_ArrayList", "Lesson1_ArrayList\Lesson1_ArrayList.csproj", "{CEC6253F-2694-40FA-AC03-4A9A393DD3C4}"
EndProject
Project("{9A19103F-16F7-4668-BE54-9A1E7A4F7556}") = "Lesson1_练习题", "Lesson1_练习题\Lesson1_练习题.csproj", "{472CF059-F8A4-4717-B174-343FB094AA70}"
EndProject
Project("{9A19103F-16F7-4668-BE54-9A1E7A4F7556}") = "Lesson2_Stack", "Lesson2_Stack\Lesson2_Stack.csproj", "{6A171F61-0954-401C-86D5-6AA295B1D254}"
EndProject
Project("{9A19103F-16F7-4668-BE54-9A1E7A4F7556}") = "Lesson2_练习题", "Lesson2_练习题\Lesson2_练习题.csproj", "{E39FA99D-1A61-40E3-BBA5-6ADE489D3552}"
EndProject
Project("{9A19103F-16F7-4668-BE54-9A1E7A4F7556}") = "Lesson3_Queue", "Lesson3_Queue\Lesson3_Queue.csproj", "{F48A4837-37E7-47A7-B5C6-098D57BB1943}"
EndProject
Project("{9A19103F-16F7-4668-BE54-9A1E7A4F7556}") = "Lesson3_练习题", "Lesson3_练习题\Lesson3_练习题.csproj", "{79D274BC-1F2C-4A08-9AC8-C0CB5372491C}"
EndProject
Project("{9A19103F-16F7-4668-BE54-9A1E7A4F7556}") = "Lesson4_Hashtable", "Lesson4_Hashtable\Lesson4_Hashtable.csproj", "{6728EC7A-4939-4A38-9872-9CEC870D7D72}"
EndProject
Project("{9A19103F-16F7-4668-BE54-9A1E7A4F7556}") = "Lesson4_练习题", "Lesson4_练习题\Lesson4_练习题.csproj", "{2523F2DC-5190-41D4-B2DC-BCFC6E60F723}"
EndProject
Project("{9A19103F-16F7-4668-BE54-9A1E7A4F7556}") = "Lesson5_泛型", "Lesson5_泛型\Lesson5_泛型.csproj", "{500C0140-AE7A-40FE-BECD-CDBF3896FE4D}"
EndProject
Project("{9A19103F-16F7-4668-BE54-9A1E7A4F7556}") = "Lesson5_练习题", "Lesson5_练习题\Lesson5_练习题.csproj", "{EF3FA5C8-2348-4D0C-BE52-8D5395BB58AF}"
EndProject
Project("{9A19103F-16F7-4668-BE54-9A1E7A4F7556}") = "Lesson6_泛型约束", "Lesson6_泛型约束\Lesson6_泛型约束.csproj", "{F37722D4-688B-4052-9CAC-792F15154647}"
EndProject
Project("{9A19103F-16F7-4668-BE54-9A1E7A4F7556}") = "Lesson6_练习题", "Lesson6_练习题\Lesson6_练习题.csproj", "{7036C330-771B-4364-9FC1-BD346DB19198}"
EndProject
Project("{9A19103F-16F7-4668-BE54-9A1E7A4F7556}") = "Lesson7_List", "Lesson7_List\Lesson7_List.csproj", "{890463BF-CFA7-46AF-9DB3-3B0F44F65F7F}"
EndProject
Project("{9A19103F-16F7-4668-BE54-9A1E7A4F7556}") = "Lesson7_练习题", "Lesson7_练习题\Lesson7_练习题.csproj", "{66245CEF-704E-44D4-9307-08DAE6DEA6DA}"
EndProject
Project("{9A19103F-16F7-4668-BE54-9A1E7A4F7556}") = "Lesson8_Dictionary", "Lesson8_Dictionary\Lesson8_Dictionary.csproj", "{582972C6-0926-48ED-89F5-97858F9EC55C}"
EndProject
Project("{9A19103F-16F7-4668-BE54-9A1E7A4F7556}") = "Lesson8_练习题", "Lesson8_练习题\Lesson8_练习题.csproj", "{5CA12427-9ABD-4963-831F-5F0953D98E8F}"
EndProject
Project("{9A19103F-16F7-4668-BE54-9A1E7A4F7556}") = "Lesson9_顺序存储和链式存储", "Lesson9_顺序存储和链式存储\Lesson9_顺序存储和链式存储.csproj", "{1F05260A-44E8-4946-AA26-49BB5B63E970}"
EndProject
Project("{9A19103F-16F7-4668-BE54-9A1E7A4F7556}") = "Lesson9_练习题", "Lesson9_练习题\Lesson9_练习题.csproj", "{429E8689-AE89-4C6D-B49D-313BB178237C}"
EndProject
Project("{9A19103F-16F7-4668-BE54-9A1E7A4F7556}") = "Lesson10_LinkedList", "Lesson10_LinkedList\Lesson10_LinkedList.csproj", "{6130792D-948E-49D0-B488-B4436E3102C5}"
EndProject
Project("{9A19103F-16F7-4668-BE54-9A1E7A4F7556}") = "Lesson10_练习题", "Lesson10_练习题\Lesson10_练习题.csproj", "{5DEDC986-26E2-4C9B-86AE-7864C315DD09}"
EndProject
Project("{9A19103F-16F7-4668-BE54-9A1E7A4F7556}") = "Lesson11_泛型栈和队列", "Lesson11_泛型栈和队列\Lesson11_泛型栈和队列.csproj", "{01C013E5-29BF-464D-A9AC-EF283A019192}"
EndProject
Project("{9A19103F-16F7-4668-BE54-9A1E7A4F7556}") = "Lesson11_练习题", "Lesson11_练习题\Lesson11_练习题.csproj", "{C4EAB31F-48FA-421B-A494-66FF575725BF}"
EndProject
Project("{9A19103F-16F7-4668-BE54-9A1E7A4F7556}") = "Lesson12_委托", "Lesson12_委托\Lesson12_委托.csproj", "{6EFD9E31-36DD-40CB-8A1B-64707380ACFB}"
EndProject
Project("{9A19103F-16F7-4668-BE54-9A1E7A4F7556}") = "Lesson12_练习题", "Lesson12_练习题\Lesson12_练习题.csproj", "{0E80A03C-8889-47C9-8067-07F4150DC2CD}"
EndProject
Project("{9A19103F-16F7-4668-BE54-9A1E7A4F7556}") = "Lesson13_事件", "Lesson13_事件\Lesson13_事件.csproj", "{84F1DC2D-5462-4E90-B1FA-5481CD95EFC6}"
EndProject
Project("{9A19103F-16F7-4668-BE54-9A1E7A4F7556}") = "Lesson13_练习题", "Lesson13_练习题\Lesson13_练习题.csproj", "{8B0BBC54-5CF4-40E0-B656-235CFD80766D}"
EndProject
Project("{9A19103F-16F7-4668-BE54-9A1E7A4F7556}") = "Lesson14_匿名函数", "Lesson14_匿名函数\Lesson14_匿名函数.csproj", "{B6CDF17A-8FB9-4ACA-937E-634D23939B3E}"
EndProject
Project("{9A19103F-16F7-4668-BE54-9A1E7A4F7556}") = "Lesson14_练习题", "Lesson14_练习题\Lesson14_练习题.csproj", "{E222E491-4861-4C25-A987-0BBB40D97511}"
EndProject
Project("{9A19103F-16F7-4668-BE54-9A1E7A4F7556}") = "Lesson15_lambad表达式", "Lesson15_lambad表达式\Lesson15_lambad表达式.csproj", "{98C31490-1ADF-4FBA-91C9-4BE4D126FEEA}"
EndProject
Project("{9A19103F-16F7-4668-BE54-9A1E7A4F7556}") = "Lesson15_练习题", "Lesson15_练习题\Lesson15_练习题.csproj", "{6E04BC6A-57E4-4D02-B84F-2CC57D639B5B}"
EndProject
Project("{9A19103F-16F7-4668-BE54-9A1E7A4F7556}") = "Lesson16_List排序", "Lesson16_List排序\Lesson16_List排序.csproj", "{BC55F254-8133-4E51-B4D0-46E8274E0BB5}"
EndProject
Project("{9A19103F-16F7-4668-BE54-9A1E7A4F7556}") = "Lesson16_练习题", "Lesson16_练习题\Lesson16_练习题.csproj", "{76A35569-0ACE-4DC2-821F-FF93209B84B8}"
EndProject
Project("{9A19103F-16F7-4668-BE54-9A1E7A4F7556}") = "Lesson17_协变逆变", "Lesson17_协变逆变\Lesson17_协变逆变.csproj", "{915D9DBC-3951-4516-9C34-C257474C61D9}"
EndProject
Project("{9A19103F-16F7-4668-BE54-9A1E7A4F7556}") = "Lesson17_练习题", "Lesson17_练习题\Lesson17_练习题.csproj", "{3A6B2FEF-6847-4853-9232-48AF6A132432}"
EndProject
Project("{9A19103F-16F7-4668-BE54-9A1E7A4F7556}") = "Lesson18_多线程", "Lesson18_多线程\Lesson18_多线程.csproj", "{9C8F0E45-B923-45BE-BDFD-11B26226FE6C}"
EndProject
Project("{9A19103F-16F7-4668-BE54-9A1E7A4F7556}") = "Lesson18_练习题", "Lesson18_练习题\Lesson18_练习题.csproj", "{F5068623-C667-401D-8D77-E65C9DD0CF91}"
EndProject
Project("{9A19103F-16F7-4668-BE54-9A1E7A4F7556}") = "Lesson19_预处理器指令", "Lesson19_预处理器指令\Lesson19_预处理器指令.csproj", "{C9ABF2D6-CCB8-4724-B53E-9F59AAD2F4F4}"
EndProject
Project("{9A19103F-16F7-4668-BE54-9A1E7A4F7556}") = "Lesson19_练习题", "Lesson19_练习题\Lesson19_练习题.csproj", "{AA71C6F1-A819-455F-AA66-1250E4DC7343}"
EndProject
Project("{9A19103F-16F7-4668-BE54-9A1E7A4F7556}") = "Lesson20_反射", "Lesson20_反射\Lesson20_反射.csproj", "{FC9EE768-D973-4804-80D5-F7AB1C1047A5}"
EndProject
Project("{FAE04EC0-301F-11D3-BF4B-00C04F79EFBC}") = "类库测试", "类库测试\类库测试.csproj", "{E7DC065A-24EF-4A64-B6AE-3A9090856D4C}"
EndProject
Project("{9A19103F-16F7-4668-BE54-9A1E7A4F7556}") = "Lesson20_练习题", "Lesson20_练习题\Lesson20_练习题.csproj", "{0FB5B672-B4EC-425D-97EF-8DEB7005C9B0}"
EndProject
Project("{FAE04EC0-301F-11D3-BF4B-00C04F79EFBC}") = "测试", "测试\测试.csproj", "{643D6E87-F2AE-4947-ABA2-096BF6283414}"
EndProject
Project("{9A19103F-16F7-4668-BE54-9A1E7A4F7556}") = "Lesson21_特性", "Lesson21_特性\Lesson21_特性.csproj", "{D42777AE-38EA-416E-8672-4053945160F3}"
EndProject
Project("{9A19103F-16F7-4668-BE54-9A1E7A4F7556}") = "Lesson21_练习题", "Lesson21_练习题\Lesson21_练习题.csproj", "{E6A78D86-77D6-4630-89E8-AE5197F11A99}"
EndProject
Project("{9A19103F-16F7-4668-BE54-9A1E7A4F7556}") = "Lesson22_迭代器", "Lesson22_迭代器\Lesson22_迭代器.csproj", "{65D41388-C123-414E-AD95-FC532817DF41}"
EndProject
Project("{9A19103F-16F7-4668-BE54-9A1E7A4F7556}") = "Lesson22_练习题", "Lesson22_练习题\Lesson22_练习题.csproj", "{3EF72808-1B8B-4822-9B1C-D1F0783563A0}"
EndProject
Project("{9A19103F-16F7-4668-BE54-9A1E7A4F7556}") = "Lesson23_特殊语法", "Lesson23_特殊语法\Lesson23_特殊语法.csproj", "{BB53B76E-DC7A-4485-84CA-23E7D09D2C67}"
EndProject
Project("{9A19103F-16F7-4668-BE54-9A1E7A4F7556}") = "Lesson24_值和引用", "Lesson24_值和引用\Lesson24_值和引用.csproj", "{351308D5-E2B4-4F52-AB20-D63B56F74BF3}"
EndProject
Project("{9A19103F-16F7-4668-BE54-9A1E7A4F7556}") = "Lesson25_插入排序", "Lesson25_插入排序\Lesson25_插入排序.csproj", "{EDE6E0CD-668C-4E43-86B6-958A74C33E8A}"
EndProject
Project("{FAE04EC0-301F-11D3-BF4B-00C04F79EFBC}") = "Lesson26_希尔排序", "Lesson26_希尔排序\Lesson26_希尔排序.csproj", "{A5F916C8-FFBC-4D34-8066-9B446CA1EAE1}"
EndProject
Project("{FAE04EC0-301F-11D3-BF4B-00C04F79EFBC}") = "Lesson27_归并排序", "Lesson27_归并排序\Lesson27_归并排序.csproj", "{C153029E-8760-4A75-B53C-2249DD78905A}"
EndProject
Project("{FAE04EC0-301F-11D3-BF4B-00C04F79EFBC}") = "Lesson28_快速排序", "Lesson28_快速排序\Lesson28_快速排序.csproj", "{D83A90DE-532F-4827-8D2A-719BF85725CB}"
EndProject
Global
	GlobalSection(SolutionConfigurationPlatforms) = preSolution
		Debug|Any CPU = Debug|Any CPU
		Release|Any CPU = Release|Any CPU
	EndGlobalSection
	GlobalSection(ProjectConfigurationPlatforms) = postSolution
		{CEC6253F-2694-40FA-AC03-4A9A393DD3C4}.Debug|Any CPU.ActiveCfg = Debug|Any CPU
		{CEC6253F-2694-40FA-AC03-4A9A393DD3C4}.Debug|Any CPU.Build.0 = Debug|Any CPU
		{CEC6253F-2694-40FA-AC03-4A9A393DD3C4}.Release|Any CPU.ActiveCfg = Release|Any CPU
		{CEC6253F-2694-40FA-AC03-4A9A393DD3C4}.Release|Any CPU.Build.0 = Release|Any CPU
		{472CF059-F8A4-4717-B174-343FB094AA70}.Debug|Any CPU.ActiveCfg = Debug|Any CPU
		{472CF059-F8A4-4717-B174-343FB094AA70}.Debug|Any CPU.Build.0 = Debug|Any CPU
		{472CF059-F8A4-4717-B174-343FB094AA70}.Release|Any CPU.ActiveCfg = Release|Any CPU
		{472CF059-F8A4-4717-B174-343FB094AA70}.Release|Any CPU.Build.0 = Release|Any CPU
		{6A171F61-0954-401C-86D5-6AA295B1D254}.Debug|Any CPU.ActiveCfg = Debug|Any CPU
		{6A171F61-0954-401C-86D5-6AA295B1D254}.Debug|Any CPU.Build.0 = Debug|Any CPU
		{6A171F61-0954-401C-86D5-6AA295B1D254}.Release|Any CPU.ActiveCfg = Release|Any CPU
		{6A171F61-0954-401C-86D5-6AA295B1D254}.Release|Any CPU.Build.0 = Release|Any CPU
		{E39FA99D-1A61-40E3-BBA5-6ADE489D3552}.Debug|Any CPU.ActiveCfg = Debug|Any CPU
		{E39FA99D-1A61-40E3-BBA5-6ADE489D3552}.Debug|Any CPU.Build.0 = Debug|Any CPU
		{E39FA99D-1A61-40E3-BBA5-6ADE489D3552}.Release|Any CPU.ActiveCfg = Release|Any CPU
		{E39FA99D-1A61-40E3-BBA5-6ADE489D3552}.Release|Any CPU.Build.0 = Release|Any CPU
		{F48A4837-37E7-47A7-B5C6-098D57BB1943}.Debug|Any CPU.ActiveCfg = Debug|Any CPU
		{F48A4837-37E7-47A7-B5C6-098D57BB1943}.Debug|Any CPU.Build.0 = Debug|Any CPU
		{F48A4837-37E7-47A7-B5C6-098D57BB1943}.Release|Any CPU.ActiveCfg = Release|Any CPU
		{F48A4837-37E7-47A7-B5C6-098D57BB1943}.Release|Any CPU.Build.0 = Release|Any CPU
		{79D274BC-1F2C-4A08-9AC8-C0CB5372491C}.Debug|Any CPU.ActiveCfg = Debug|Any CPU
		{79D274BC-1F2C-4A08-9AC8-C0CB5372491C}.Debug|Any CPU.Build.0 = Debug|Any CPU
		{79D274BC-1F2C-4A08-9AC8-C0CB5372491C}.Release|Any CPU.ActiveCfg = Release|Any CPU
		{79D274BC-1F2C-4A08-9AC8-C0CB5372491C}.Release|Any CPU.Build.0 = Release|Any CPU
		{6728EC7A-4939-4A38-9872-9CEC870D7D72}.Debug|Any CPU.ActiveCfg = Debug|Any CPU
		{6728EC7A-4939-4A38-9872-9CEC870D7D72}.Debug|Any CPU.Build.0 = Debug|Any CPU
		{6728EC7A-4939-4A38-9872-9CEC870D7D72}.Release|Any CPU.ActiveCfg = Release|Any CPU
		{6728EC7A-4939-4A38-9872-9CEC870D7D72}.Release|Any CPU.Build.0 = Release|Any CPU
		{2523F2DC-5190-41D4-B2DC-BCFC6E60F723}.Debug|Any CPU.ActiveCfg = Debug|Any CPU
		{2523F2DC-5190-41D4-B2DC-BCFC6E60F723}.Debug|Any CPU.Build.0 = Debug|Any CPU
		{2523F2DC-5190-41D4-B2DC-BCFC6E60F723}.Release|Any CPU.ActiveCfg = Release|Any CPU
		{2523F2DC-5190-41D4-B2DC-BCFC6E60F723}.Release|Any CPU.Build.0 = Release|Any CPU
		{500C0140-AE7A-40FE-BECD-CDBF3896FE4D}.Debug|Any CPU.ActiveCfg = Debug|Any CPU
		{500C0140-AE7A-40FE-BECD-CDBF3896FE4D}.Debug|Any CPU.Build.0 = Debug|Any CPU
		{500C0140-AE7A-40FE-BECD-CDBF3896FE4D}.Release|Any CPU.ActiveCfg = Release|Any CPU
		{500C0140-AE7A-40FE-BECD-CDBF3896FE4D}.Release|Any CPU.Build.0 = Release|Any CPU
		{EF3FA5C8-2348-4D0C-BE52-8D5395BB58AF}.Debug|Any CPU.ActiveCfg = Debug|Any CPU
		{EF3FA5C8-2348-4D0C-BE52-8D5395BB58AF}.Debug|Any CPU.Build.0 = Debug|Any CPU
		{EF3FA5C8-2348-4D0C-BE52-8D5395BB58AF}.Release|Any CPU.ActiveCfg = Release|Any CPU
		{EF3FA5C8-2348-4D0C-BE52-8D5395BB58AF}.Release|Any CPU.Build.0 = Release|Any CPU
		{F37722D4-688B-4052-9CAC-792F15154647}.Debug|Any CPU.ActiveCfg = Debug|Any CPU
		{F37722D4-688B-4052-9CAC-792F15154647}.Debug|Any CPU.Build.0 = Debug|Any CPU
		{F37722D4-688B-4052-9CAC-792F15154647}.Release|Any CPU.ActiveCfg = Release|Any CPU
		{F37722D4-688B-4052-9CAC-792F15154647}.Release|Any CPU.Build.0 = Release|Any CPU
		{7036C330-771B-4364-9FC1-BD346DB19198}.Debug|Any CPU.ActiveCfg = Debug|Any CPU
		{7036C330-771B-4364-9FC1-BD346DB19198}.Debug|Any CPU.Build.0 = Debug|Any CPU
		{7036C330-771B-4364-9FC1-BD346DB19198}.Release|Any CPU.ActiveCfg = Release|Any CPU
		{7036C330-771B-4364-9FC1-BD346DB19198}.Release|Any CPU.Build.0 = Release|Any CPU
		{890463BF-CFA7-46AF-9DB3-3B0F44F65F7F}.Debug|Any CPU.ActiveCfg = Debug|Any CPU
		{890463BF-CFA7-46AF-9DB3-3B0F44F65F7F}.Debug|Any CPU.Build.0 = Debug|Any CPU
		{890463BF-CFA7-46AF-9DB3-3B0F44F65F7F}.Release|Any CPU.ActiveCfg = Release|Any CPU
		{890463BF-CFA7-46AF-9DB3-3B0F44F65F7F}.Release|Any CPU.Build.0 = Release|Any CPU
		{66245CEF-704E-44D4-9307-08DAE6DEA6DA}.Debug|Any CPU.ActiveCfg = Debug|Any CPU
		{66245CEF-704E-44D4-9307-08DAE6DEA6DA}.Debug|Any CPU.Build.0 = Debug|Any CPU
		{66245CEF-704E-44D4-9307-08DAE6DEA6DA}.Release|Any CPU.ActiveCfg = Release|Any CPU
		{66245CEF-704E-44D4-9307-08DAE6DEA6DA}.Release|Any CPU.Build.0 = Release|Any CPU
		{582972C6-0926-48ED-89F5-97858F9EC55C}.Debug|Any CPU.ActiveCfg = Debug|Any CPU
		{582972C6-0926-48ED-89F5-97858F9EC55C}.Debug|Any CPU.Build.0 = Debug|Any CPU
		{582972C6-0926-48ED-89F5-97858F9EC55C}.Release|Any CPU.ActiveCfg = Release|Any CPU
		{582972C6-0926-48ED-89F5-97858F9EC55C}.Release|Any CPU.Build.0 = Release|Any CPU
		{5CA12427-9ABD-4963-831F-5F0953D98E8F}.Debug|Any CPU.ActiveCfg = Debug|Any CPU
		{5CA12427-9ABD-4963-831F-5F0953D98E8F}.Debug|Any CPU.Build.0 = Debug|Any CPU
		{5CA12427-9ABD-4963-831F-5F0953D98E8F}.Release|Any CPU.ActiveCfg = Release|Any CPU
		{5CA12427-9ABD-4963-831F-5F0953D98E8F}.Release|Any CPU.Build.0 = Release|Any CPU
		{1F05260A-44E8-4946-AA26-49BB5B63E970}.Debug|Any CPU.ActiveCfg = Debug|Any CPU
		{1F05260A-44E8-4946-AA26-49BB5B63E970}.Debug|Any CPU.Build.0 = Debug|Any CPU
		{1F05260A-44E8-4946-AA26-49BB5B63E970}.Release|Any CPU.ActiveCfg = Release|Any CPU
		{1F05260A-44E8-4946-AA26-49BB5B63E970}.Release|Any CPU.Build.0 = Release|Any CPU
		{429E8689-AE89-4C6D-B49D-313BB178237C}.Debug|Any CPU.ActiveCfg = Debug|Any CPU
		{429E8689-AE89-4C6D-B49D-313BB178237C}.Debug|Any CPU.Build.0 = Debug|Any CPU
		{429E8689-AE89-4C6D-B49D-313BB178237C}.Release|Any CPU.ActiveCfg = Release|Any CPU
		{429E8689-AE89-4C6D-B49D-313BB178237C}.Release|Any CPU.Build.0 = Release|Any CPU
		{6130792D-948E-49D0-B488-B4436E3102C5}.Debug|Any CPU.ActiveCfg = Debug|Any CPU
		{6130792D-948E-49D0-B488-B4436E3102C5}.Debug|Any CPU.Build.0 = Debug|Any CPU
		{6130792D-948E-49D0-B488-B4436E3102C5}.Release|Any CPU.ActiveCfg = Release|Any CPU
		{6130792D-948E-49D0-B488-B4436E3102C5}.Release|Any CPU.Build.0 = Release|Any CPU
		{5DEDC986-26E2-4C9B-86AE-7864C315DD09}.Debug|Any CPU.ActiveCfg = Debug|Any CPU
		{5DEDC986-26E2-4C9B-86AE-7864C315DD09}.Debug|Any CPU.Build.0 = Debug|Any CPU
		{5DEDC986-26E2-4C9B-86AE-7864C315DD09}.Release|Any CPU.ActiveCfg = Release|Any CPU
		{5DEDC986-26E2-4C9B-86AE-7864C315DD09}.Release|Any CPU.Build.0 = Release|Any CPU
		{01C013E5-29BF-464D-A9AC-EF283A019192}.Debug|Any CPU.ActiveCfg = Debug|Any CPU
		{01C013E5-29BF-464D-A9AC-EF283A019192}.Debug|Any CPU.Build.0 = Debug|Any CPU
		{01C013E5-29BF-464D-A9AC-EF283A019192}.Release|Any CPU.ActiveCfg = Release|Any CPU
		{01C013E5-29BF-464D-A9AC-EF283A019192}.Release|Any CPU.Build.0 = Release|Any CPU
		{C4EAB31F-48FA-421B-A494-66FF575725BF}.Debug|Any CPU.ActiveCfg = Debug|Any CPU
		{C4EAB31F-48FA-421B-A494-66FF575725BF}.Debug|Any CPU.Build.0 = Debug|Any CPU
		{C4EAB31F-48FA-421B-A494-66FF575725BF}.Release|Any CPU.ActiveCfg = Release|Any CPU
		{C4EAB31F-48FA-421B-A494-66FF575725BF}.Release|Any CPU.Build.0 = Release|Any CPU
		{6EFD9E31-36DD-40CB-8A1B-64707380ACFB}.Debug|Any CPU.ActiveCfg = Debug|Any CPU
		{6EFD9E31-36DD-40CB-8A1B-64707380ACFB}.Debug|Any CPU.Build.0 = Debug|Any CPU
		{6EFD9E31-36DD-40CB-8A1B-64707380ACFB}.Release|Any CPU.ActiveCfg = Release|Any CPU
		{6EFD9E31-36DD-40CB-8A1B-64707380ACFB}.Release|Any CPU.Build.0 = Release|Any CPU
		{0E80A03C-8889-47C9-8067-07F4150DC2CD}.Debug|Any CPU.ActiveCfg = Debug|Any CPU
		{0E80A03C-8889-47C9-8067-07F4150DC2CD}.Debug|Any CPU.Build.0 = Debug|Any CPU
		{0E80A03C-8889-47C9-8067-07F4150DC2CD}.Release|Any CPU.ActiveCfg = Release|Any CPU
		{0E80A03C-8889-47C9-8067-07F4150DC2CD}.Release|Any CPU.Build.0 = Release|Any CPU
		{84F1DC2D-5462-4E90-B1FA-5481CD95EFC6}.Debug|Any CPU.ActiveCfg = Debug|Any CPU
		{84F1DC2D-5462-4E90-B1FA-5481CD95EFC6}.Debug|Any CPU.Build.0 = Debug|Any CPU
		{84F1DC2D-5462-4E90-B1FA-5481CD95EFC6}.Release|Any CPU.ActiveCfg = Release|Any CPU
		{84F1DC2D-5462-4E90-B1FA-5481CD95EFC6}.Release|Any CPU.Build.0 = Release|Any CPU
		{8B0BBC54-5CF4-40E0-B656-235CFD80766D}.Debug|Any CPU.ActiveCfg = Debug|Any CPU
		{8B0BBC54-5CF4-40E0-B656-235CFD80766D}.Debug|Any CPU.Build.0 = Debug|Any CPU
		{8B0BBC54-5CF4-40E0-B656-235CFD80766D}.Release|Any CPU.ActiveCfg = Release|Any CPU
		{8B0BBC54-5CF4-40E0-B656-235CFD80766D}.Release|Any CPU.Build.0 = Release|Any CPU
		{B6CDF17A-8FB9-4ACA-937E-634D23939B3E}.Debug|Any CPU.ActiveCfg = Debug|Any CPU
		{B6CDF17A-8FB9-4ACA-937E-634D23939B3E}.Debug|Any CPU.Build.0 = Debug|Any CPU
		{B6CDF17A-8FB9-4ACA-937E-634D23939B3E}.Release|Any CPU.ActiveCfg = Release|Any CPU
		{B6CDF17A-8FB9-4ACA-937E-634D23939B3E}.Release|Any CPU.Build.0 = Release|Any CPU
		{E222E491-4861-4C25-A987-0BBB40D97511}.Debug|Any CPU.ActiveCfg = Debug|Any CPU
		{E222E491-4861-4C25-A987-0BBB40D97511}.Debug|Any CPU.Build.0 = Debug|Any CPU
		{E222E491-4861-4C25-A987-0BBB40D97511}.Release|Any CPU.ActiveCfg = Release|Any CPU
		{E222E491-4861-4C25-A987-0BBB40D97511}.Release|Any CPU.Build.0 = Release|Any CPU
		{98C31490-1ADF-4FBA-91C9-4BE4D126FEEA}.Debug|Any CPU.ActiveCfg = Debug|Any CPU
		{98C31490-1ADF-4FBA-91C9-4BE4D126FEEA}.Debug|Any CPU.Build.0 = Debug|Any CPU
		{98C31490-1ADF-4FBA-91C9-4BE4D126FEEA}.Release|Any CPU.ActiveCfg = Release|Any CPU
		{98C31490-1ADF-4FBA-91C9-4BE4D126FEEA}.Release|Any CPU.Build.0 = Release|Any CPU
		{6E04BC6A-57E4-4D02-B84F-2CC57D639B5B}.Debug|Any CPU.ActiveCfg = Debug|Any CPU
		{6E04BC6A-57E4-4D02-B84F-2CC57D639B5B}.Debug|Any CPU.Build.0 = Debug|Any CPU
		{6E04BC6A-57E4-4D02-B84F-2CC57D639B5B}.Release|Any CPU.ActiveCfg = Release|Any CPU
		{6E04BC6A-57E4-4D02-B84F-2CC57D639B5B}.Release|Any CPU.Build.0 = Release|Any CPU
		{BC55F254-8133-4E51-B4D0-46E8274E0BB5}.Debug|Any CPU.ActiveCfg = Debug|Any CPU
		{BC55F254-8133-4E51-B4D0-46E8274E0BB5}.Debug|Any CPU.Build.0 = Debug|Any CPU
		{BC55F254-8133-4E51-B4D0-46E8274E0BB5}.Release|Any CPU.ActiveCfg = Release|Any CPU
		{BC55F254-8133-4E51-B4D0-46E8274E0BB5}.Release|Any CPU.Build.0 = Release|Any CPU
		{76A35569-0ACE-4DC2-821F-FF93209B84B8}.Debug|Any CPU.ActiveCfg = Debug|Any CPU
		{76A35569-0ACE-4DC2-821F-FF93209B84B8}.Debug|Any CPU.Build.0 = Debug|Any CPU
		{76A35569-0ACE-4DC2-821F-FF93209B84B8}.Release|Any CPU.ActiveCfg = Release|Any CPU
		{76A35569-0ACE-4DC2-821F-FF93209B84B8}.Release|Any CPU.Build.0 = Release|Any CPU
		{915D9DBC-3951-4516-9C34-C257474C61D9}.Debug|Any CPU.ActiveCfg = Debug|Any CPU
		{915D9DBC-3951-4516-9C34-C257474C61D9}.Debug|Any CPU.Build.0 = Debug|Any CPU
		{915D9DBC-3951-4516-9C34-C257474C61D9}.Release|Any CPU.ActiveCfg = Release|Any CPU
		{915D9DBC-3951-4516-9C34-C257474C61D9}.Release|Any CPU.Build.0 = Release|Any CPU
		{3A6B2FEF-6847-4853-9232-48AF6A132432}.Debug|Any CPU.ActiveCfg = Debug|Any CPU
		{3A6B2FEF-6847-4853-9232-48AF6A132432}.Debug|Any CPU.Build.0 = Debug|Any CPU
		{3A6B2FEF-6847-4853-9232-48AF6A132432}.Release|Any CPU.ActiveCfg = Release|Any CPU
		{3A6B2FEF-6847-4853-9232-48AF6A132432}.Release|Any CPU.Build.0 = Release|Any CPU
		{9C8F0E45-B923-45BE-BDFD-11B26226FE6C}.Debug|Any CPU.ActiveCfg = Debug|Any CPU
		{9C8F0E45-B923-45BE-BDFD-11B26226FE6C}.Debug|Any CPU.Build.0 = Debug|Any CPU
		{9C8F0E45-B923-45BE-BDFD-11B26226FE6C}.Release|Any CPU.ActiveCfg = Release|Any CPU
		{9C8F0E45-B923-45BE-BDFD-11B26226FE6C}.Release|Any CPU.Build.0 = Release|Any CPU
		{F5068623-C667-401D-8D77-E65C9DD0CF91}.Debug|Any CPU.ActiveCfg = Debug|Any CPU
		{F5068623-C667-401D-8D77-E65C9DD0CF91}.Debug|Any CPU.Build.0 = Debug|Any CPU
		{F5068623-C667-401D-8D77-E65C9DD0CF91}.Release|Any CPU.ActiveCfg = Release|Any CPU
		{F5068623-C667-401D-8D77-E65C9DD0CF91}.Release|Any CPU.Build.0 = Release|Any CPU
		{C9ABF2D6-CCB8-4724-B53E-9F59AAD2F4F4}.Debug|Any CPU.ActiveCfg = Debug|Any CPU
		{C9ABF2D6-CCB8-4724-B53E-9F59AAD2F4F4}.Debug|Any CPU.Build.0 = Debug|Any CPU
		{C9ABF2D6-CCB8-4724-B53E-9F59AAD2F4F4}.Release|Any CPU.ActiveCfg = Release|Any CPU
		{C9ABF2D6-CCB8-4724-B53E-9F59AAD2F4F4}.Release|Any CPU.Build.0 = Release|Any CPU
		{AA71C6F1-A819-455F-AA66-1250E4DC7343}.Debug|Any CPU.ActiveCfg = Debug|Any CPU
		{AA71C6F1-A819-455F-AA66-1250E4DC7343}.Debug|Any CPU.Build.0 = Debug|Any CPU
		{AA71C6F1-A819-455F-AA66-1250E4DC7343}.Release|Any CPU.ActiveCfg = Release|Any CPU
		{AA71C6F1-A819-455F-AA66-1250E4DC7343}.Release|Any CPU.Build.0 = Release|Any CPU
		{FC9EE768-D973-4804-80D5-F7AB1C1047A5}.Debug|Any CPU.ActiveCfg = Debug|Any CPU
		{FC9EE768-D973-4804-80D5-F7AB1C1047A5}.Debug|Any CPU.Build.0 = Debug|Any CPU
		{FC9EE768-D973-4804-80D5-F7AB1C1047A5}.Release|Any CPU.ActiveCfg = Release|Any CPU
		{FC9EE768-D973-4804-80D5-F7AB1C1047A5}.Release|Any CPU.Build.0 = Release|Any CPU
		{E7DC065A-24EF-4A64-B6AE-3A9090856D4C}.Debug|Any CPU.ActiveCfg = Debug|Any CPU
		{E7DC065A-24EF-4A64-B6AE-3A9090856D4C}.Debug|Any CPU.Build.0 = Debug|Any CPU
		{E7DC065A-24EF-4A64-B6AE-3A9090856D4C}.Release|Any CPU.ActiveCfg = Release|Any CPU
		{E7DC065A-24EF-4A64-B6AE-3A9090856D4C}.Release|Any CPU.Build.0 = Release|Any CPU
		{0FB5B672-B4EC-425D-97EF-8DEB7005C9B0}.Debug|Any CPU.ActiveCfg = Debug|Any CPU
		{0FB5B672-B4EC-425D-97EF-8DEB7005C9B0}.Debug|Any CPU.Build.0 = Debug|Any CPU
		{0FB5B672-B4EC-425D-97EF-8DEB7005C9B0}.Release|Any CPU.ActiveCfg = Release|Any CPU
		{0FB5B672-B4EC-425D-97EF-8DEB7005C9B0}.Release|Any CPU.Build.0 = Release|Any CPU
		{643D6E87-F2AE-4947-ABA2-096BF6283414}.Debug|Any CPU.ActiveCfg = Debug|Any CPU
		{643D6E87-F2AE-4947-ABA2-096BF6283414}.Debug|Any CPU.Build.0 = Debug|Any CPU
		{643D6E87-F2AE-4947-ABA2-096BF6283414}.Release|Any CPU.ActiveCfg = Release|Any CPU
		{643D6E87-F2AE-4947-ABA2-096BF6283414}.Release|Any CPU.Build.0 = Release|Any CPU
		{D42777AE-38EA-416E-8672-4053945160F3}.Debug|Any CPU.ActiveCfg = Debug|Any CPU
		{D42777AE-38EA-416E-8672-4053945160F3}.Debug|Any CPU.Build.0 = Debug|Any CPU
		{D42777AE-38EA-416E-8672-4053945160F3}.Release|Any CPU.ActiveCfg = Release|Any CPU
		{D42777AE-38EA-416E-8672-4053945160F3}.Release|Any CPU.Build.0 = Release|Any CPU
		{E6A78D86-77D6-4630-89E8-AE5197F11A99}.Debug|Any CPU.ActiveCfg = Debug|Any CPU
		{E6A78D86-77D6-4630-89E8-AE5197F11A99}.Debug|Any CPU.Build.0 = Debug|Any CPU
		{E6A78D86-77D6-4630-89E8-AE5197F11A99}.Release|Any CPU.ActiveCfg = Release|Any CPU
		{E6A78D86-77D6-4630-89E8-AE5197F11A99}.Release|Any CPU.Build.0 = Release|Any CPU
		{65D41388-C123-414E-AD95-FC532817DF41}.Debug|Any CPU.ActiveCfg = Debug|Any CPU
		{65D41388-C123-414E-AD95-FC532817DF41}.Debug|Any CPU.Build.0 = Debug|Any CPU
		{65D41388-C123-414E-AD95-FC532817DF41}.Release|Any CPU.ActiveCfg = Release|Any CPU
		{65D41388-C123-414E-AD95-FC532817DF41}.Release|Any CPU.Build.0 = Release|Any CPU
		{3EF72808-1B8B-4822-9B1C-D1F0783563A0}.Debug|Any CPU.ActiveCfg = Debug|Any CPU
		{3EF72808-1B8B-4822-9B1C-D1F0783563A0}.Debug|Any CPU.Build.0 = Debug|Any CPU
		{3EF72808-1B8B-4822-9B1C-D1F0783563A0}.Release|Any CPU.ActiveCfg = Release|Any CPU
		{3EF72808-1B8B-4822-9B1C-D1F0783563A0}.Release|Any CPU.Build.0 = Release|Any CPU
		{BB53B76E-DC7A-4485-84CA-23E7D09D2C67}.Debug|Any CPU.ActiveCfg = Debug|Any CPU
		{BB53B76E-DC7A-4485-84CA-23E7D09D2C67}.Debug|Any CPU.Build.0 = Debug|Any CPU
		{BB53B76E-DC7A-4485-84CA-23E7D09D2C67}.Release|Any CPU.ActiveCfg = Release|Any CPU
		{BB53B76E-DC7A-4485-84CA-23E7D09D2C67}.Release|Any CPU.Build.0 = Release|Any CPU
		{351308D5-E2B4-4F52-AB20-D63B56F74BF3}.Debug|Any CPU.ActiveCfg = Debug|Any CPU
		{351308D5-E2B4-4F52-AB20-D63B56F74BF3}.Debug|Any CPU.Build.0 = Debug|Any CPU
		{351308D5-E2B4-4F52-AB20-D63B56F74BF3}.Release|Any CPU.ActiveCfg = Release|Any CPU
		{351308D5-E2B4-4F52-AB20-D63B56F74BF3}.Release|Any CPU.Build.0 = Release|Any CPU
		{EDE6E0CD-668C-4E43-86B6-958A74C33E8A}.Debug|Any CPU.ActiveCfg = Debug|Any CPU
		{EDE6E0CD-668C-4E43-86B6-958A74C33E8A}.Debug|Any CPU.Build.0 = Debug|Any CPU
		{EDE6E0CD-668C-4E43-86B6-958A74C33E8A}.Release|Any CPU.ActiveCfg = Release|Any CPU
		{EDE6E0CD-668C-4E43-86B6-958A74C33E8A}.Release|Any CPU.Build.0 = Release|Any CPU
		{A5F916C8-FFBC-4D34-8066-9B446CA1EAE1}.Debug|Any CPU.ActiveCfg = Debug|Any CPU
		{A5F916C8-FFBC-4D34-8066-9B446CA1EAE1}.Debug|Any CPU.Build.0 = Debug|Any CPU
		{A5F916C8-FFBC-4D34-8066-9B446CA1EAE1}.Release|Any CPU.ActiveCfg = Release|Any CPU
		{A5F916C8-FFBC-4D34-8066-9B446CA1EAE1}.Release|Any CPU.Build.0 = Release|Any CPU
		{C153029E-8760-4A75-B53C-2249DD78905A}.Debug|Any CPU.ActiveCfg = Debug|Any CPU
		{C153029E-8760-4A75-B53C-2249DD78905A}.Debug|Any CPU.Build.0 = Debug|Any CPU
		{C153029E-8760-4A75-B53C-2249DD78905A}.Release|Any CPU.ActiveCfg = Release|Any CPU
		{C153029E-8760-4A75-B53C-2249DD78905A}.Release|Any CPU.Build.0 = Release|Any CPU
		{D83A90DE-532F-4827-8D2A-719BF85725CB}.Debug|Any CPU.ActiveCfg = Debug|Any CPU
		{D83A90DE-532F-4827-8D2A-719BF85725CB}.Debug|Any CPU.Build.0 = Debug|Any CPU
		{D83A90DE-532F-4827-8D2A-719BF85725CB}.Release|Any CPU.ActiveCfg = Release|Any CPU
		{D83A90DE-532F-4827-8D2A-719BF85725CB}.Release|Any CPU.Build.0 = Release|Any CPU
	EndGlobalSection
	GlobalSection(SolutionProperties) = preSolution
		HideSolutionNode = FALSE
	EndGlobalSection
	GlobalSection(ExtensibilityGlobals) = postSolution
		SolutionGuid = {916BD836-1BE3-4BD2-80F1-685512E01FFB}
	EndGlobalSection
EndGlobal
