
Microsoft Visual Studio Solution File, Format Version 12.00
# Visual Studio Version 16
VisualStudioVersion = 16.0.30503.244
MinimumVisualStudioVersion = 10.0.40219.1
Project("{FAE04EC0-301F-11D3-BF4B-00C04F79EFBC}") = "CSharp基础实践教学", "CSharp基础实践教学\CSharp基础实践教学.csproj", "{D57E3840-524A-4999-9DE3-52C01134E180}"
EndProject
Global
	GlobalSection(SolutionConfigurationPlatforms) = preSolution
		Debug|Any CPU = Debug|Any CPU
		Release|Any CPU = Release|Any CPU
	EndGlobalSection
	GlobalSection(ProjectConfigurationPlatforms) = postSolution
		{D57E3840-524A-4999-9DE3-52C01134E180}.Debug|Any CPU.ActiveCfg = Debug|Any CPU
		{D57E3840-524A-4999-9DE3-52C01134E180}.Debug|Any CPU.Build.0 = Debug|Any CPU
		{D57E3840-524A-4999-9DE3-52C01134E180}.Release|Any CPU.ActiveCfg = Release|Any CPU
		{D57E3840-524A-4999-9DE3-52C01134E180}.Release|Any CPU.Build.0 = Release|Any CPU
	EndGlobalSection
	GlobalSection(SolutionProperties) = preSolution
		HideSolutionNode = FALSE
	EndGlobalSection
	GlobalSection(ExtensibilityGlobals) = postSolution
		SolutionGuid = {F31A3D79-37AE-4A6A-8025-8E78ECF09968}
	EndGlobalSection
EndGlobal
